
Microsoft Visual Studio Solution File, Format Version 12.00
# Visual Studio Version 17
VisualStudioVersion = 17.0.31710.8
MinimumVisualStudioVersion = 10.0.40219.1
Project("{2150E333-8FDC-42A3-9474-1A3956D46DE8}") = "src", "src", "{F06CDC44-07F3-4A9B-A9EF-5170DA2B2134}"
EndProject
Project("{2150E333-8FDC-42A3-9474-1A3956D46DE8}") = "dev", "dev", "{0B8495AB-E7FF-4A95-9BCC-E39AB3C3FAEF}"
EndProject
Project("{FAE04EC0-301F-11D3-BF4B-00C04F79EFBC}") = "ExtractKeysFromDump", "src\dev\ExtractKeysFromDump\ExtractKeysFromDump.csproj", "{68F1EEF6-2001-4F49-9422-D7C7F130CD1C}"
EndProject
Project("{FAE04EC0-301F-11D3-BF4B-00C04F79EFBC}") = "StructsDumper", "src\dev\StructsDumper\StructsDumper.csproj", "{2BBB6117-2707-49C7-8E73-44E1B4565111}"
EndProject
Project("{2150E333-8FDC-42A3-9474-1A3956D46DE8}") = "libraries", "libraries", "{1301CB8F-F020-444C-82B4-B517EA024729}"
EndProject
Project("{FAE04EC0-301F-11D3-BF4B-00C04F79EFBC}") = "RageLib", "src\libraries\RageLib\RageLib.csproj", "{D9FB2464-4699-4484-99C5-E928085F2593}"
EndProject
Project("{FAE04EC0-301F-11D3-BF4B-00C04F79EFBC}") = "RageLib.GTA4", "src\libraries\RageLib.GTA4\RageLib.GTA4.csproj", "{EE1194E7-52C9-4657-BD0D-78E3A287BDB0}"
EndProject
Project("{FAE04EC0-301F-11D3-BF4B-00C04F79EFBC}") = "RageLib.GTA5", "src\libraries\RageLib.GTA5\RageLib.GTA5.csproj", "{F2F76D29-F287-48B8-A1EC-06277BF6C40D}"
EndProject
Project("{FAE04EC0-301F-11D3-BF4B-00C04F79EFBC}") = "RageLib.RDR2", "src\libraries\RageLib.RDR2\RageLib.RDR2.csproj", "{08641B3D-CD5E-475F-B1C5-B82D3094F6AA}"
EndProject
Project("{2150E333-8FDC-42A3-9474-1A3956D46DE8}") = "tests", "tests", "{FDF00822-0E62-4274-9F7D-79557916F156}"
EndProject
Project("{FAE04EC0-301F-11D3-BF4B-00C04F79EFBC}") = "RageLib.GTA5.UnitTests", "src\tests\RageLib.GTA5.UnitTests\RageLib.GTA5.UnitTests.csproj", "{8FCFD5D3-51E0-457E-A87D-7A0AB9E18C67}"
EndProject
Project("{2150E333-8FDC-42A3-9474-1A3956D46DE8}") = "tools", "tools", "{CF114B14-746C-484E-8B65-65910C7C7513}"
EndProject
Project("{FAE04EC0-301F-11D3-BF4B-00C04F79EFBC}") = "ArchiveTool", "src\tools\ArchiveTool\ArchiveTool.csproj", "{B470425F-D581-4AAB-AAB1-8DCDE2B4A5A2}"
EndProject
Project("{FAE04EC0-301F-11D3-BF4B-00C04F79EFBC}") = "MetaTool", "src\tools\MetaTool\MetaTool.csproj", "{664F658B-2732-4FE0-93C6-A3A0198D6E61}"
EndProject
Project("{FAE04EC0-301F-11D3-BF4B-00C04F79EFBC}") = "TextureTool", "src\tools\TextureTool\TextureTool.csproj", "{EBBE7062-5D19-4762-B4F6-A969C2876788}"
EndProject
Project("{FAE04EC0-301F-11D3-BF4B-00C04F79EFBC}") = "Tools.Core", "src\tools\Tools.Core\Tools.Core.csproj", "{64BA5A9A-C258-44D8-AE21-1D6572D4ACEB}"
EndProject
Global
	GlobalSection(SolutionProperties) = preSolution
		HideSolutionNode = FALSE
	EndGlobalSection
	GlobalSection(ExtensibilityGlobals) = postSolution
		SolutionGuid = {F1E9A3DA-C1E1-4817-BC2E-0BB89F6328FD}
	EndGlobalSection
	GlobalSection(Performance) = preSolution
		HasPerformanceSessions = true
	EndGlobalSection
	GlobalSection(SolutionConfigurationPlatforms) = preSolution
		Debug|Any CPU = Debug|Any CPU
		Debug|x64 = Debug|x64
		Debug|x86 = Debug|x86
		Release|Any CPU = Release|Any CPU
		Release|x64 = Release|x64
		Release|x86 = Release|x86
	EndGlobalSection
	GlobalSection(ProjectConfigurationPlatforms) = postSolution
		{68F1EEF6-2001-4F49-9422-D7C7F130CD1C}.Debug|Any CPU.ActiveCfg = Debug|Any CPU
		{68F1EEF6-2001-4F49-9422-D7C7F130CD1C}.Debug|Any CPU.Build.0 = Debug|Any CPU
		{68F1EEF6-2001-4F49-9422-D7C7F130CD1C}.Debug|x64.ActiveCfg = Debug|Any CPU
		{68F1EEF6-2001-4F49-9422-D7C7F130CD1C}.Debug|x64.Build.0 = Debug|Any CPU
		{68F1EEF6-2001-4F49-9422-D7C7F130CD1C}.Debug|x86.ActiveCfg = Debug|Any CPU
		{68F1EEF6-2001-4F49-9422-D7C7F130CD1C}.Debug|x86.Build.0 = Debug|Any CPU
		{68F1EEF6-2001-4F49-9422-D7C7F130CD1C}.Release|Any CPU.ActiveCfg = Release|Any CPU
		{68F1EEF6-2001-4F49-9422-D7C7F130CD1C}.Release|Any CPU.Build.0 = Release|Any CPU
		{68F1EEF6-2001-4F49-9422-D7C7F130CD1C}.Release|x64.ActiveCfg = Release|Any CPU
		{68F1EEF6-2001-4F49-9422-D7C7F130CD1C}.Release|x64.Build.0 = Release|Any CPU
		{68F1EEF6-2001-4F49-9422-D7C7F130CD1C}.Release|x86.ActiveCfg = Release|Any CPU
		{68F1EEF6-2001-4F49-9422-D7C7F130CD1C}.Release|x86.Build.0 = Release|Any CPU
		{2BBB6117-2707-49C7-8E73-44E1B4565111}.Debug|Any CPU.ActiveCfg = Debug|Any CPU
		{2BBB6117-2707-49C7-8E73-44E1B4565111}.Debug|Any CPU.Build.0 = Debug|Any CPU
		{2BBB6117-2707-49C7-8E73-44E1B4565111}.Debug|x64.ActiveCfg = Debug|Any CPU
		{2BBB6117-2707-49C7-8E73-44E1B4565111}.Debug|x64.Build.0 = Debug|Any CPU
		{2BBB6117-2707-49C7-8E73-44E1B4565111}.Debug|x86.ActiveCfg = Debug|Any CPU
		{2BBB6117-2707-49C7-8E73-44E1B4565111}.Debug|x86.Build.0 = Debug|Any CPU
		{2BBB6117-2707-49C7-8E73-44E1B4565111}.Release|Any CPU.ActiveCfg = Release|Any CPU
		{2BBB6117-2707-49C7-8E73-44E1B4565111}.Release|Any CPU.Build.0 = Release|Any CPU
		{2BBB6117-2707-49C7-8E73-44E1B4565111}.Release|x64.ActiveCfg = Release|Any CPU
		{2BBB6117-2707-49C7-8E73-44E1B4565111}.Release|x64.Build.0 = Release|Any CPU
		{2BBB6117-2707-49C7-8E73-44E1B4565111}.Release|x86.ActiveCfg = Release|Any CPU
		{2BBB6117-2707-49C7-8E73-44E1B4565111}.Release|x86.Build.0 = Release|Any CPU
		{D9FB2464-4699-4484-99C5-E928085F2593}.Debug|Any CPU.ActiveCfg = Debug|Any CPU
		{D9FB2464-4699-4484-99C5-E928085F2593}.Debug|Any CPU.Build.0 = Debug|Any CPU
		{D9FB2464-4699-4484-99C5-E928085F2593}.Debug|x64.ActiveCfg = Debug|Any CPU
		{D9FB2464-4699-4484-99C5-E928085F2593}.Debug|x64.Build.0 = Debug|Any CPU
		{D9FB2464-4699-4484-99C5-E928085F2593}.Debug|x86.ActiveCfg = Debug|Any CPU
		{D9FB2464-4699-4484-99C5-E928085F2593}.Debug|x86.Build.0 = Debug|Any CPU
		{D9FB2464-4699-4484-99C5-E928085F2593}.Release|Any CPU.ActiveCfg = Release|Any CPU
		{D9FB2464-4699-4484-99C5-E928085F2593}.Release|Any CPU.Build.0 = Release|Any CPU
		{D9FB2464-4699-4484-99C5-E928085F2593}.Release|x64.ActiveCfg = Release|Any CPU
		{D9FB2464-4699-4484-99C5-E928085F2593}.Release|x64.Build.0 = Release|Any CPU
		{D9FB2464-4699-4484-99C5-E928085F2593}.Release|x86.ActiveCfg = Release|Any CPU
		{D9FB2464-4699-4484-99C5-E928085F2593}.Release|x86.Build.0 = Release|Any CPU
		{EE1194E7-52C9-4657-BD0D-78E3A287BDB0}.Debug|Any CPU.ActiveCfg = Debug|Any CPU
		{EE1194E7-52C9-4657-BD0D-78E3A287BDB0}.Debug|Any CPU.Build.0 = Debug|Any CPU
		{EE1194E7-52C9-4657-BD0D-78E3A287BDB0}.Debug|x64.ActiveCfg = Debug|Any CPU
		{EE1194E7-52C9-4657-BD0D-78E3A287BDB0}.Debug|x64.Build.0 = Debug|Any CPU
		{EE1194E7-52C9-4657-BD0D-78E3A287BDB0}.Debug|x86.ActiveCfg = Debug|Any CPU
		{EE1194E7-52C9-4657-BD0D-78E3A287BDB0}.Debug|x86.Build.0 = Debug|Any CPU
		{EE1194E7-52C9-4657-BD0D-78E3A287BDB0}.Release|Any CPU.ActiveCfg = Release|Any CPU
		{EE1194E7-52C9-4657-BD0D-78E3A287BDB0}.Release|Any CPU.Build.0 = Release|Any CPU
		{EE1194E7-52C9-4657-BD0D-78E3A287BDB0}.Release|x64.ActiveCfg = Release|Any CPU
		{EE1194E7-52C9-4657-BD0D-78E3A287BDB0}.Release|x64.Build.0 = Release|Any CPU
		{EE1194E7-52C9-4657-BD0D-78E3A287BDB0}.Release|x86.ActiveCfg = Release|Any CPU
		{EE1194E7-52C9-4657-BD0D-78E3A287BDB0}.Release|x86.Build.0 = Release|Any CPU
		{F2F76D29-F287-48B8-A1EC-06277BF6C40D}.Debug|Any CPU.ActiveCfg = Debug|Any CPU
		{F2F76D29-F287-48B8-A1EC-06277BF6C40D}.Debug|Any CPU.Build.0 = Debug|Any CPU
		{F2F76D29-F287-48B8-A1EC-06277BF6C40D}.Debug|x64.ActiveCfg = Debug|Any CPU
		{F2F76D29-F287-48B8-A1EC-06277BF6C40D}.Debug|x64.Build.0 = Debug|Any CPU
		{F2F76D29-F287-48B8-A1EC-06277BF6C40D}.Debug|x86.ActiveCfg = Debug|Any CPU
		{F2F76D29-F287-48B8-A1EC-06277BF6C40D}.Debug|x86.Build.0 = Debug|Any CPU
		{F2F76D29-F287-48B8-A1EC-06277BF6C40D}.Release|Any CPU.ActiveCfg = Release|Any CPU
		{F2F76D29-F287-48B8-A1EC-06277BF6C40D}.Release|Any CPU.Build.0 = Release|Any CPU
		{F2F76D29-F287-48B8-A1EC-06277BF6C40D}.Release|x64.ActiveCfg = Release|Any CPU
		{F2F76D29-F287-48B8-A1EC-06277BF6C40D}.Release|x64.Build.0 = Release|Any CPU
		{F2F76D29-F287-48B8-A1EC-06277BF6C40D}.Release|x86.ActiveCfg = Release|Any CPU
		{F2F76D29-F287-48B8-A1EC-06277BF6C40D}.Release|x86.Build.0 = Release|Any CPU
		{08641B3D-CD5E-475F-B1C5-B82D3094F6AA}.Debug|Any CPU.ActiveCfg = Debug|Any CPU
		{08641B3D-CD5E-475F-B1C5-B82D3094F6AA}.Debug|Any CPU.Build.0 = Debug|Any CPU
		{08641B3D-CD5E-475F-B1C5-B82D3094F6AA}.Debug|x64.ActiveCfg = Debug|Any CPU
		{08641B3D-CD5E-475F-B1C5-B82D3094F6AA}.Debug|x64.Build.0 = Debug|Any CPU
		{08641B3D-CD5E-475F-B1C5-B82D3094F6AA}.Debug|x86.ActiveCfg = Debug|Any CPU
		{08641B3D-CD5E-475F-B1C5-B82D3094F6AA}.Debug|x86.Build.0 = Debug|Any CPU
		{08641B3D-CD5E-475F-B1C5-B82D3094F6AA}.Release|Any CPU.ActiveCfg = Release|Any CPU
		{08641B3D-CD5E-475F-B1C5-B82D3094F6AA}.Release|Any CPU.Build.0 = Release|Any CPU
		{08641B3D-CD5E-475F-B1C5-B82D3094F6AA}.Release|x64.ActiveCfg = Release|Any CPU
		{08641B3D-CD5E-475F-B1C5-B82D3094F6AA}.Release|x64.Build.0 = Release|Any CPU
		{08641B3D-CD5E-475F-B1C5-B82D3094F6AA}.Release|x86.ActiveCfg = Release|Any CPU
		{08641B3D-CD5E-475F-B1C5-B82D3094F6AA}.Release|x86.Build.0 = Release|Any CPU
		{8FCFD5D3-51E0-457E-A87D-7A0AB9E18C67}.Debug|Any CPU.ActiveCfg = Debug|Any CPU
		{8FCFD5D3-51E0-457E-A87D-7A0AB9E18C67}.Debug|Any CPU.Build.0 = Debug|Any CPU
		{8FCFD5D3-51E0-457E-A87D-7A0AB9E18C67}.Debug|x64.ActiveCfg = Debug|Any CPU
		{8FCFD5D3-51E0-457E-A87D-7A0AB9E18C67}.Debug|x64.Build.0 = Debug|Any CPU
		{8FCFD5D3-51E0-457E-A87D-7A0AB9E18C67}.Debug|x86.ActiveCfg = Debug|Any CPU
		{8FCFD5D3-51E0-457E-A87D-7A0AB9E18C67}.Debug|x86.Build.0 = Debug|Any CPU
		{8FCFD5D3-51E0-457E-A87D-7A0AB9E18C67}.Release|Any CPU.ActiveCfg = Release|Any CPU
		{8FCFD5D3-51E0-457E-A87D-7A0AB9E18C67}.Release|Any CPU.Build.0 = Release|Any CPU
		{8FCFD5D3-51E0-457E-A87D-7A0AB9E18C67}.Release|x64.ActiveCfg = Release|Any CPU
		{8FCFD5D3-51E0-457E-A87D-7A0AB9E18C67}.Release|x64.Build.0 = Release|Any CPU
		{8FCFD5D3-51E0-457E-A87D-7A0AB9E18C67}.Release|x86.ActiveCfg = Release|Any CPU
		{8FCFD5D3-51E0-457E-A87D-7A0AB9E18C67}.Release|x86.Build.0 = Release|Any CPU
		{B470425F-D581-4AAB-AAB1-8DCDE2B4A5A2}.Debug|Any CPU.ActiveCfg = Debug|x86
		{B470425F-D581-4AAB-AAB1-8DCDE2B4A5A2}.Debug|Any CPU.Build.0 = Debug|x86
		{B470425F-D581-4AAB-AAB1-8DCDE2B4A5A2}.Debug|x64.ActiveCfg = Debug|x64
		{B470425F-D581-4AAB-AAB1-8DCDE2B4A5A2}.Debug|x64.Build.0 = Debug|x64
		{B470425F-D581-4AAB-AAB1-8DCDE2B4A5A2}.Debug|x86.ActiveCfg = Debug|x86
		{B470425F-D581-4AAB-AAB1-8DCDE2B4A5A2}.Debug|x86.Build.0 = Debug|x86
		{B470425F-D581-4AAB-AAB1-8DCDE2B4A5A2}.Release|Any CPU.ActiveCfg = Release|x86
		{B470425F-D581-4AAB-AAB1-8DCDE2B4A5A2}.Release|Any CPU.Build.0 = Release|x86
		{B470425F-D581-4AAB-AAB1-8DCDE2B4A5A2}.Release|x64.ActiveCfg = Release|x64
		{B470425F-D581-4AAB-AAB1-8DCDE2B4A5A2}.Release|x64.Build.0 = Release|x64
		{B470425F-D581-4AAB-AAB1-8DCDE2B4A5A2}.Release|x86.ActiveCfg = Release|x86
		{B470425F-D581-4AAB-AAB1-8DCDE2B4A5A2}.Release|x86.Build.0 = Release|x86
		{664F658B-2732-4FE0-93C6-A3A0198D6E61}.Debug|Any CPU.ActiveCfg = Debug|Any CPU
		{664F658B-2732-4FE0-93C6-A3A0198D6E61}.Debug|Any CPU.Build.0 = Debug|Any CPU
		{664F658B-2732-4FE0-93C6-A3A0198D6E61}.Debug|x64.ActiveCfg = Debug|Any CPU
		{664F658B-2732-4FE0-93C6-A3A0198D6E61}.Debug|x64.Build.0 = Debug|Any CPU
		{664F658B-2732-4FE0-93C6-A3A0198D6E61}.Debug|x86.ActiveCfg = Debug|Any CPU
		{664F658B-2732-4FE0-93C6-A3A0198D6E61}.Debug|x86.Build.0 = Debug|Any CPU
		{664F658B-2732-4FE0-93C6-A3A0198D6E61}.Release|Any CPU.ActiveCfg = Release|Any CPU
		{664F658B-2732-4FE0-93C6-A3A0198D6E61}.Release|Any CPU.Build.0 = Release|Any CPU
		{664F658B-2732-4FE0-93C6-A3A0198D6E61}.Release|x64.ActiveCfg = Release|Any CPU
		{664F658B-2732-4FE0-93C6-A3A0198D6E61}.Release|x64.Build.0 = Release|Any CPU
		{664F658B-2732-4FE0-93C6-A3A0198D6E61}.Release|x86.ActiveCfg = Release|Any CPU
		{664F658B-2732-4FE0-93C6-A3A0198D6E61}.Release|x86.Build.0 = Release|Any CPU
		{EBBE7062-5D19-4762-B4F6-A969C2876788}.Debug|Any CPU.ActiveCfg = Debug|Any CPU
		{EBBE7062-5D19-4762-B4F6-A969C2876788}.Debug|Any CPU.Build.0 = Debug|Any CPU
		{EBBE7062-5D19-4762-B4F6-A969C2876788}.Debug|x64.ActiveCfg = Debug|Any CPU
		{EBBE7062-5D19-4762-B4F6-A969C2876788}.Debug|x64.Build.0 = Debug|Any CPU
		{EBBE7062-5D19-4762-B4F6-A969C2876788}.Debug|x86.ActiveCfg = Debug|Any CPU
		{EBBE7062-5D19-4762-B4F6-A969C2876788}.Debug|x86.Build.0 = Debug|Any CPU
		{EBBE7062-5D19-4762-B4F6-A969C2876788}.Release|Any CPU.ActiveCfg = Release|Any CPU
		{EBBE7062-5D19-4762-B4F6-A969C2876788}.Release|Any CPU.Build.0 = Release|Any CPU
		{EBBE7062-5D19-4762-B4F6-A969C2876788}.Release|x64.ActiveCfg = Release|Any CPU
		{EBBE7062-5D19-4762-B4F6-A969C2876788}.Release|x64.Build.0 = Release|Any CPU
		{EBBE7062-5D19-4762-B4F6-A969C2876788}.Release|x86.ActiveCfg = Release|Any CPU
		{EBBE7062-5D19-4762-B4F6-A969C2876788}.Release|x86.Build.0 = Release|Any CPU
		{64BA5A9A-C258-44D8-AE21-1D6572D4ACEB}.Debug|Any CPU.ActiveCfg = Debug|Any CPU
		{64BA5A9A-C258-44D8-AE21-1D6572D4ACEB}.Debug|Any CPU.Build.0 = Debug|Any CPU
		{64BA5A9A-C258-44D8-AE21-1D6572D4ACEB}.Debug|x64.ActiveCfg = Debug|Any CPU
		{64BA5A9A-C258-44D8-AE21-1D6572D4ACEB}.Debug|x64.Build.0 = Debug|Any CPU
		{64BA5A9A-C258-44D8-AE21-1D6572D4ACEB}.Debug|x86.ActiveCfg = Debug|Any CPU
		{64BA5A9A-C258-44D8-AE21-1D6572D4ACEB}.Debug|x86.Build.0 = Debug|Any CPU
		{64BA5A9A-C258-44D8-AE21-1D6572D4ACEB}.Release|Any CPU.ActiveCfg = Release|Any CPU
		{64BA5A9A-C258-44D8-AE21-1D6572D4ACEB}.Release|Any CPU.Build.0 = Release|Any CPU
		{64BA5A9A-C258-44D8-AE21-1D6572D4ACEB}.Release|x64.ActiveCfg = Release|Any CPU
		{64BA5A9A-C258-44D8-AE21-1D6572D4ACEB}.Release|x64.Build.0 = Release|Any CPU
		{64BA5A9A-C258-44D8-AE21-1D6572D4ACEB}.Release|x86.ActiveCfg = Release|Any CPU
		{64BA5A9A-C258-44D8-AE21-1D6572D4ACEB}.Release|x86.Build.0 = Release|Any CPU
	EndGlobalSection
	GlobalSection(NestedProjects) = preSolution
		{0B8495AB-E7FF-4A95-9BCC-E39AB3C3FAEF} = {F06CDC44-07F3-4A9B-A9EF-5170DA2B2134}
		{68F1EEF6-2001-4F49-9422-D7C7F130CD1C} = {0B8495AB-E7FF-4A95-9BCC-E39AB3C3FAEF}
		{2BBB6117-2707-49C7-8E73-44E1B4565111} = {0B8495AB-E7FF-4A95-9BCC-E39AB3C3FAEF}
		{1301CB8F-F020-444C-82B4-B517EA024729} = {F06CDC44-07F3-4A9B-A9EF-5170DA2B2134}
		{D9FB2464-4699-4484-99C5-E928085F2593} = {1301CB8F-F020-444C-82B4-B517EA024729}
		{EE1194E7-52C9-4657-BD0D-78E3A287BDB0} = {1301CB8F-F020-444C-82B4-B517EA024729}
		{F2F76D29-F287-48B8-A1EC-06277BF6C40D} = {1301CB8F-F020-444C-82B4-B517EA024729}
		{08641B3D-CD5E-475F-B1C5-B82D3094F6AA} = {1301CB8F-F020-444C-82B4-B517EA024729}
		{FDF00822-0E62-4274-9F7D-79557916F156} = {F06CDC44-07F3-4A9B-A9EF-5170DA2B2134}
		{8FCFD5D3-51E0-457E-A87D-7A0AB9E18C67} = {FDF00822-0E62-4274-9F7D-79557916F156}
		{CF114B14-746C-484E-8B65-65910C7C7513} = {F06CDC44-07F3-4A9B-A9EF-5170DA2B2134}
		{B470425F-D581-4AAB-AAB1-8DCDE2B4A5A2} = {CF114B14-746C-484E-8B65-65910C7C7513}
		{664F658B-2732-4FE0-93C6-A3A0198D6E61} = {CF114B14-746C-484E-8B65-65910C7C7513}
		{EBBE7062-5D19-4762-B4F6-A969C2876788} = {CF114B14-746C-484E-8B65-65910C7C7513}
		{64BA5A9A-C258-44D8-AE21-1D6572D4ACEB} = {CF114B14-746C-484E-8B65-65910C7C7513}
	EndGlobalSection
EndGlobal
